Microsoft Visual Studio Solution File, Format Version 11.00
# Visual Studio 2008

Project("{2DA3A7FB-C127-9465-8339-37EBF49C83F9}") = "CardboardVuforiaTest", "Assembly-CSharp.csproj", "{AF8960B8-ACDE-6044-984F-1A4C30FCB7B3}"
EndProject
Project("{2DA3A7FB-C127-9465-8339-37EBF49C83F9}") = "CardboardVuforiaTest", "Assembly-CSharp-Editor.csproj", "{D10AA351-9918-A7E9-9171-1241937755E1}"
EndProject
Project("{2DA3A7FB-C127-9465-8339-37EBF49C83F9}") = "CardboardVuforiaTest", "Assembly-UnityScript-Editor-firstpass.unityproj", "{BFC1EFDE-FC81-9D1A-1860-F6BC305F7AF5}"
EndProject
Global
	GlobalSection(SolutionConfigurationPlatforms) = preSolution
		Debug|Any CPU = Debug|Any CPU
		Release|Any CPU = Release|Any CPU
	EndGlobalSection
	GlobalSection(ProjectConfigurationPlatforms) = postSolution
		{AF8960B8-ACDE-6044-984F-1A4C30FCB7B3}.Debug|Any CPU.ActiveCfg = Debug|Any CPU
		{AF8960B8-ACDE-6044-984F-1A4C30FCB7B3}.Debug|Any CPU.Build.0 = Debug|Any CPU
		{AF8960B8-ACDE-6044-984F-1A4C30FCB7B3}.Release|Any CPU.ActiveCfg = Release|Any CPU
		{AF8960B8-ACDE-6044-984F-1A4C30FCB7B3}.Release|Any CPU.Build.0 = Release|Any CPU
		{D10AA351-9918-A7E9-9171-1241937755E1}.Debug|Any CPU.ActiveCfg = Debug|Any CPU
		{D10AA351-9918-A7E9-9171-1241937755E1}.Debug|Any CPU.Build.0 = Debug|Any CPU
		{D10AA351-9918-A7E9-9171-1241937755E1}.Release|Any CPU.ActiveCfg = Release|Any CPU
		{D10AA351-9918-A7E9-9171-1241937755E1}.Release|Any CPU.Build.0 = Release|Any CPU
		{BFC1EFDE-FC81-9D1A-1860-F6BC305F7AF5}.Debug|Any CPU.ActiveCfg = Debug|Any CPU
		{BFC1EFDE-FC81-9D1A-1860-F6BC305F7AF5}.Debug|Any CPU.Build.0 = Debug|Any CPU
		{BFC1EFDE-FC81-9D1A-1860-F6BC305F7AF5}.Release|Any CPU.ActiveCfg = Release|Any CPU
		{BFC1EFDE-FC81-9D1A-1860-F6BC305F7AF5}.Release|Any CPU.Build.0 = Release|Any CPU
	EndGlobalSection
	GlobalSection(SolutionProperties) = preSolution
		HideSolutionNode = FALSE
	EndGlobalSection
																				GlobalSection(MonoDevelopProperties) = preSolution
		StartupItem = Assembly-CSharp.csproj
		Policies = $0
		$0.TextStylePolicy = $1
		$1.inheritsSet = null
		$1.scope = text/x-csharp
		$0.CSharpFormattingPolicy = $2
		$2.inheritsSet = Mono
		$2.inheritsScope = text/x-csharp
		$2.scope = text/x-csharp
		$0.TextStylePolicy = $3
		$3.FileWidth = 120
		$3.TabWidth = 4
		$3.IndentWidth = 4
		$3.EolMarker = Unix
		$3.inheritsSet = Mono
		$3.inheritsScope = text/plain
		$3.scope = text/plain
	EndGlobalSection

EndGlobal
